
Microsoft Visual Studio Solution File, Format Version 12.00
# Visual Studio Version 17
VisualStudioVersion = 17.11.35222.181
MinimumVisualStudioVersion = 10.0.40219.1
Project("{8BC9CEB8-8B4A-11D0-8D11-00A0C91BC942}") = "AP_Lab№6.1.іт", "AP_Lab№6.1.іт\AP_Lab№6.1.іт.vcxproj", "{9A4481E8-1BF6-4DBF-A1BE-059B2BFAB40D}"
EndProject
Project("{8BC9CEB8-8B4A-11D0-8D11-00A0C91BC942}") = "UnitTest1", "UnitTest1\UnitTest1.vcxproj", "{66901A86-8E5D-4D27-A1CF-7E8EDAC7B378}"
EndProject
Global
	GlobalSection(SolutionConfigurationPlatforms) = preSolution
		Debug|x64 = Debug|x64
		Debug|x86 = Debug|x86
		Release|x64 = Release|x64
		Release|x86 = Release|x86
	EndGlobalSection
	GlobalSection(ProjectConfigurationPlatforms) = postSolution
		{9A4481E8-1BF6-4DBF-A1BE-059B2BFAB40D}.Debug|x64.ActiveCfg = Debug|x64
		{9A4481E8-1BF6-4DBF-A1BE-059B2BFAB40D}.Debug|x64.Build.0 = Debug|x64
		{9A4481E8-1BF6-4DBF-A1BE-059B2BFAB40D}.Debug|x86.ActiveCfg = Debug|Win32
		{9A4481E8-1BF6-4DBF-A1BE-059B2BFAB40D}.Debug|x86.Build.0 = Debug|Win32
		{9A4481E8-1BF6-4DBF-A1BE-059B2BFAB40D}.Release|x64.ActiveCfg = Release|x64
		{9A4481E8-1BF6-4DBF-A1BE-059B2BFAB40D}.Release|x64.Build.0 = Release|x64
		{9A4481E8-1BF6-4DBF-A1BE-059B2BFAB40D}.Release|x86.ActiveCfg = Release|Win32
		{9A4481E8-1BF6-4DBF-A1BE-059B2BFAB40D}.Release|x86.Build.0 = Release|Win32
		{66901A86-8E5D-4D27-A1CF-7E8EDAC7B378}.Debug|x64.ActiveCfg = Debug|x64
		{66901A86-8E5D-4D27-A1CF-7E8EDAC7B378}.Debug|x64.Build.0 = Debug|x64
		{66901A86-8E5D-4D27-A1CF-7E8EDAC7B378}.Debug|x86.ActiveCfg = Debug|Win32
		{66901A86-8E5D-4D27-A1CF-7E8EDAC7B378}.Debug|x86.Build.0 = Debug|Win32
		{66901A86-8E5D-4D27-A1CF-7E8EDAC7B378}.Release|x64.ActiveCfg = Release|x64
		{66901A86-8E5D-4D27-A1CF-7E8EDAC7B378}.Release|x64.Build.0 = Release|x64
		{66901A86-8E5D-4D27-A1CF-7E8EDAC7B378}.Release|x86.ActiveCfg = Release|Win32
		{66901A86-8E5D-4D27-A1CF-7E8EDAC7B378}.Release|x86.Build.0 = Release|Win32
	EndGlobalSection
	GlobalSection(SolutionProperties) = preSolution
		HideSolutionNode = FALSE
	EndGlobalSection
	GlobalSection(ExtensibilityGlobals) = postSolution
		SolutionGuid = {19E5044A-7EE4-48DF-91EC-5688BDBAF5D7}
	EndGlobalSection
EndGlobal
